
Microsoft Visual Studio Solution File, Format Version 12.00
# Visual Studio Version 17
VisualStudioVersion = 17.0.31717.71
MinimumVisualStudioVersion = 10.0.40219.1
Project("{FAE04EC0-301F-11D3-BF4B-00C04F79EFBC}") = "Files", "Files\Files.csproj", "{61AE0AE1-B3B4-4547-B5CA-A19E270D4A9D}"
EndProject
Global
	GlobalSection(SolutionConfigurationPlatforms) = preSolution
		Debug|Any CPU = Debug|Any CPU
		Release|Any CPU = Release|Any CPU
	EndGlobalSection
	GlobalSection(ProjectConfigurationPlatforms) = postSolution
		{61AE0AE1-B3B4-4547-B5CA-A19E270D4A9D}.Debug|Any CPU.ActiveCfg = Debug|Any CPU
		{61AE0AE1-B3B4-4547-B5CA-A19E270D4A9D}.Debug|Any CPU.Build.0 = Debug|Any CPU
		{61AE0AE1-B3B4-4547-B5CA-A19E270D4A9D}.Release|Any CPU.ActiveCfg = Release|Any CPU
		{61AE0AE1-B3B4-4547-B5CA-A19E270D4A9D}.Release|Any CPU.Build.0 = Release|Any CPU
	EndGlobalSection
	GlobalSection(SolutionProperties) = preSolution
		HideSolutionNode = FALSE
	EndGlobalSection
	GlobalSection(ExtensibilityGlobals) = postSolution
		SolutionGuid = {2F0E4CB6-CFCB-4BA9-9298-2B87AF1F9722}
	EndGlobalSection
EndGlobal
